// !$*UTF8*$!
{
	archiveVersion = 1;
	classes = {
	};
	objectVersion = 50;
	objects = {

/* Begin PBXBuildFile section */
		AC8B76FC267210F200EB7427 /* CircleButtonView.swift in Sources */ = {isa = PBXBuildFile; fileRef = AC8B76FB267210F200EB7427 /* CircleButtonView.swift */; };
		AC8B76FE2672174B00EB7427 /* CircleButtonAnimationView.swift in Sources */ = {isa = PBXBuildFile; fileRef = AC8B76FD2672174B00EB7427 /* CircleButtonAnimationView.swift */; };
		AC8B770226721C0200EB7427 /* CoinModel.swift in Sources */ = {isa = PBXBuildFile; fileRef = AC8B770126721C0200EB7427 /* CoinModel.swift */; };
		AC8B770426722F9000EB7427 /* CoinRowView.swift in Sources */ = {isa = PBXBuildFile; fileRef = AC8B770326722F9000EB7427 /* CoinRowView.swift */; };
		AC8B77062672314600EB7427 /* PreviewProvider.swift in Sources */ = {isa = PBXBuildFile; fileRef = AC8B77052672314600EB7427 /* PreviewProvider.swift */; };
		AC8B770826723D3800EB7427 /* Double.swift in Sources */ = {isa = PBXBuildFile; fileRef = AC8B770726723D3800EB7427 /* Double.swift */; };
		AC8B770A26725B3600EB7427 /* HomeViewModel.swift in Sources */ = {isa = PBXBuildFile; fileRef = AC8B770926725B3600EB7427 /* HomeViewModel.swift */; };
		ACF2901F2671FE8E002D2E05 /* CryptoApp.swift in Sources */ = {isa = PBXBuildFile; fileRef = ACF2901E2671FE8E002D2E05 /* CryptoApp.swift */; };
		ACF290262671FE90002D2E05 /* Preview Assets.xcassets in Resources */ = {isa = PBXBuildFile; fileRef = ACF290252671FE90002D2E05 /* Preview Assets.xcassets */; };
		ACF2902E26720309002D2E05 /* Assets.xcassets in Resources */ = {isa = PBXBuildFile; fileRef = ACF2902D26720309002D2E05 /* Assets.xcassets */; };
		ACF290312672045D002D2E05 /* Color.swift in Sources */ = {isa = PBXBuildFile; fileRef = ACF290302672045D002D2E05 /* Color.swift */; };
		ACFBC1662672089000CD02CE /* HomeView.swift in Sources */ = {isa = PBXBuildFile; fileRef = ACFBC1652672089000CD02CE /* HomeView.swift */; };
/* End PBXBuildFile section */

/* Begin PBXFileReference section */
		AC8B76FB267210F200EB7427 /* CircleButtonView.swift */ = {isa = PBXFileReference; lastKnownFileType = sourcecode.swift; path = CircleButtonView.swift; sourceTree = "<group>"; };
		AC8B76FD2672174B00EB7427 /* CircleButtonAnimationView.swift */ = {isa = PBXFileReference; lastKnownFileType = sourcecode.swift; path = CircleButtonAnimationView.swift; sourceTree = "<group>"; };
		AC8B770126721C0200EB7427 /* CoinModel.swift */ = {isa = PBXFileReference; lastKnownFileType = sourcecode.swift; path = CoinModel.swift; sourceTree = "<group>"; };
		AC8B770326722F9000EB7427 /* CoinRowView.swift */ = {isa = PBXFileReference; lastKnownFileType = sourcecode.swift; path = CoinRowView.swift; sourceTree = "<group>"; };
		AC8B77052672314600EB7427 /* PreviewProvider.swift */ = {isa = PBXFileReference; lastKnownFileType = sourcecode.swift; path = PreviewProvider.swift; sourceTree = "<group>"; };
		AC8B770726723D3800EB7427 /* Double.swift */ = {isa = PBXFileReference; lastKnownFileType = sourcecode.swift; path = Double.swift; sourceTree = "<group>"; };
		AC8B770926725B3600EB7427 /* HomeViewModel.swift */ = {isa = PBXFileReference; lastKnownFileType = sourcecode.swift; path = HomeViewModel.swift; sourceTree = "<group>"; };
		ACF2901B2671FE8E002D2E05 /* Crypto.app */ = {isa = PBXFileReference; explicitFileType = wrapper.application; includeInIndex = 0; path = Crypto.app; sourceTree = BUILT_PRODUCTS_DIR; };
		ACF2901E2671FE8E002D2E05 /* CryptoApp.swift */ = {isa = PBXFileReference; lastKnownFileType = sourcecode.swift; path = CryptoApp.swift; sourceTree = "<group>"; };
		ACF290252671FE90002D2E05 /* Preview Assets.xcassets */ = {isa = PBXFileReference; lastKnownFileType = folder.assetcatalog; path = "Preview Assets.xcassets"; sourceTree = "<group>"; };
		ACF290272671FE90002D2E05 /* Info.plist */ = {isa = PBXFileReference; lastKnownFileType = text.plist.xml; path = Info.plist; sourceTree = "<group>"; };
		ACF2902D26720309002D2E05 /* Assets.xcassets */ = {isa = PBXFileReference; lastKnownFileType = folder.assetcatalog; name = Assets.xcassets; path = ../../../Resources/Assets.xcassets; sourceTree = "<group>"; };
		ACF290302672045D002D2E05 /* Color.swift */ = {isa = PBXFileReference; lastKnownFileType = sourcecode.swift; path = Color.swift; sourceTree = "<group>"; };
		ACFBC1652672089000CD02CE /* HomeView.swift */ = {isa = PBXFileReference; lastKnownFileType = sourcecode.swift; path = HomeView.swift; sourceTree = "<group>"; };
/* End PBXFileReference section */

/* Begin PBXFrameworksBuildPhase section */
		ACF290182671FE8E002D2E05 /* Frameworks */ = {
			isa = PBXFrameworksBuildPhase;
			buildActionMask = 2147483647;
			files = (
			);
			runOnlyForDeploymentPostprocessing = 0;
		};
/* End PBXFrameworksBuildPhase section */

/* Begin PBXGroup section */
		AC8B76F9267210CE00EB7427 /* Components */ = {
			isa = PBXGroup;
			children = (
				AC8B76FA267210E200EB7427 /* CircleButton */,
			);
			path = Components;
			sourceTree = "<group>";
		};
		AC8B76FA267210E200EB7427 /* CircleButton */ = {
			isa = PBXGroup;
			children = (
				AC8B76FB267210F200EB7427 /* CircleButtonView.swift */,
				AC8B76FD2672174B00EB7427 /* CircleButtonAnimationView.swift */,
			);
			path = CircleButton;
			sourceTree = "<group>";
		};
		AC8B76FF26721BE700EB7427 /* Models */ = {
			isa = PBXGroup;
			children = (
				AC8B770126721C0200EB7427 /* CoinModel.swift */,
			);
			path = Models;
			sourceTree = "<group>";
		};
		ACF290122671FE8E002D2E05 = {
			isa = PBXGroup;
			children = (
				ACF2901D2671FE8E002D2E05 /* Crypto */,
				ACF2901C2671FE8E002D2E05 /* Products */,
			);
			sourceTree = "<group>";
		};
		ACF2901C2671FE8E002D2E05 /* Products */ = {
			isa = PBXGroup;
			children = (
				ACF2901B2671FE8E002D2E05 /* Crypto.app */,
			);
			name = Products;
			sourceTree = "<group>";
		};
		ACF2901D2671FE8E002D2E05 /* Crypto */ = {
			isa = PBXGroup;
			children = (
				ACF2901E2671FE8E002D2E05 /* CryptoApp.swift */,
				ACF29032267207C1002D2E05 /* Core */,
				AC8B76FF26721BE700EB7427 /* Models */,
				ACF2902F26720447002D2E05 /* Extensions */,
				ACF2902D26720309002D2E05 /* Assets.xcassets */,
				ACF290272671FE90002D2E05 /* Info.plist */,
				ACF290242671FE90002D2E05 /* Preview Content */,
			);
			path = Crypto;
			sourceTree = "<group>";
		};
		ACF290242671FE90002D2E05 /* Preview Content */ = {
			isa = PBXGroup;
			children = (
				ACF290252671FE90002D2E05 /* Preview Assets.xcassets */,
			);
			path = "Preview Content";
			sourceTree = "<group>";
		};
		ACF2902F26720447002D2E05 /* Extensions */ = {
			isa = PBXGroup;
			children = (
				ACF290302672045D002D2E05 /* Color.swift */,
				AC8B77052672314600EB7427 /* PreviewProvider.swift */,
				AC8B770726723D3800EB7427 /* Double.swift */,
			);
			path = Extensions;
			sourceTree = "<group>";
		};
		ACF29032267207C1002D2E05 /* Core */ = {
			isa = PBXGroup;
			children = (
				ACF29033267207CB002D2E05 /* Home */,
				AC8B76F9267210CE00EB7427 /* Components */,
			);
			path = Core;
			sourceTree = "<group>";
		};
		ACF29033267207CB002D2E05 /* Home */ = {
			isa = PBXGroup;
			children = (
				ACF29035267207E5002D2E05 /* ViewModels */,
				ACF29036267207EB002D2E05 /* Views */,
			);
			path = Home;
			sourceTree = "<group>";
		};
		ACF29035267207E5002D2E05 /* ViewModels */ = {
			isa = PBXGroup;
			children = (
				AC8B770926725B3600EB7427 /* HomeViewModel.swift */,
			);
			path = ViewModels;
			sourceTree = "<group>";
		};
		ACF29036267207EB002D2E05 /* Views */ = {
			isa = PBXGroup;
			children = (
				ACFBC1652672089000CD02CE /* HomeView.swift */,
				AC8B770326722F9000EB7427 /* CoinRowView.swift */,
			);
			path = Views;
			sourceTree = "<group>";
		};
/* End PBXGroup section */

/* Begin PBXNativeTarget section */
		ACF2901A2671FE8E002D2E05 /* Crypto */ = {
			isa = PBXNativeTarget;
			buildConfigurationList = ACF2902A2671FE90002D2E05 /* Build configuration list for PBXNativeTarget "Crypto" */;
			buildPhases = (
				ACF290172671FE8E002D2E05 /* Sources */,
				ACF290182671FE8E002D2E05 /* Frameworks */,
				ACF290192671FE8E002D2E05 /* Resources */,
			);
			buildRules = (
			);
			dependencies = (
			);
			name = Crypto;
			productName = Crypto;
			productReference = ACF2901B2671FE8E002D2E05 /* Crypto.app */;
			productType = "com.apple.product-type.application";
		};
/* End PBXNativeTarget section */

/* Begin PBXProject section */
		ACF290132671FE8E002D2E05 /* Project object */ = {
			isa = PBXProject;
			attributes = {
				LastSwiftUpdateCheck = 1250;
				LastUpgradeCheck = 1250;
				TargetAttributes = {
					ACF2901A2671FE8E002D2E05 = {
						CreatedOnToolsVersion = 12.5;
					};
				};
			};
			buildConfigurationList = ACF290162671FE8E002D2E05 /* Build configuration list for PBXProject "Crypto" */;
			compatibilityVersion = "Xcode 9.3";
			developmentRegion = en;
			hasScannedForEncodings = 0;
			knownRegions = (
				en,
				Base,
			);
			mainGroup = ACF290122671FE8E002D2E05;
			productRefGroup = ACF2901C2671FE8E002D2E05 /* Products */;
			projectDirPath = "";
			projectRoot = "";
			targets = (
				ACF2901A2671FE8E002D2E05 /* Crypto */,
			);
		};
/* End PBXProject section */

/* Begin PBXResourcesBuildPhase section */
		ACF290192671FE8E002D2E05 /* Resources */ = {
			isa = PBXResourcesBuildPhase;
			buildActionMask = 2147483647;
			files = (
				ACF290262671FE90002D2E05 /* Preview Assets.xcassets in Resources */,
				ACF2902E26720309002D2E05 /* Assets.xcassets in Resources */,
			);
			runOnlyForDeploymentPostprocessing = 0;
		};
/* End PBXResourcesBuildPhase section */

/* Begin PBXSourcesBuildPhase section */
		ACF290172671FE8E002D2E05 /* Sources */ = {
			isa = PBXSourcesBuildPhase;
			buildActionMask = 2147483647;
			files = (
				ACFBC1662672089000CD02CE /* HomeView.swift in Sources */,
				ACF2901F2671FE8E002D2E05 /* CryptoApp.swift in Sources */,
				AC8B76FE2672174B00EB7427 /* CircleButtonAnimationView.swift in Sources */,
				AC8B770A26725B3600EB7427 /* HomeViewModel.swift in Sources */,
				ACF290312672045D002D2E05 /* Color.swift in Sources */,
				AC8B770226721C0200EB7427 /* CoinModel.swift in Sources */,
				AC8B77062672314600EB7427 /* PreviewProvider.swift in Sources */,
				AC8B770426722F9000EB7427 /* CoinRowView.swift in Sources */,
				AC8B770826723D3800EB7427 /* Double.swift in Sources */,
				AC8B76FC267210F200EB7427 /* CircleButtonView.swift in Sources */,
			);
			runOnlyForDeploymentPostprocessing = 0;
		};
/* End PBXSourcesBuildPhase section */

/* Begin XCBuildConfiguration section */
		ACF290282671FE90002D2E05 /* Debug */ = {
			isa = XCBuildConfiguration;
			buildSettings = {
				ALWAYS_SEARCH_USER_PATHS = NO;
				CLANG_ANALYZER_NONNULL = YES;
				CLANG_ANALYZER_NUMBER_OBJECT_CONVERSION = YES_AGGRESSIVE;
				CLANG_CXX_LANGUAGE_STANDARD = "gnu++14";
				CLANG_CXX_LIBRARY = "libc++";
				CLANG_ENABLE_MODULES = YES;
				CLANG_ENABLE_OBJC_ARC = YES;
				CLANG_ENABLE_OBJC_WEAK = YES;
				CLANG_WARN_BLOCK_CAPTURE_AUTORELEASING = YES;
				CLANG_WARN_BOOL_CONVERSION = YES;
				CLANG_WARN_COMMA = YES;
				CLANG_WARN_CONSTANT_CONVERSION = YES;
				CLANG_WARN_DEPRECATED_OBJC_IMPLEMENTATIONS = YES;
				CLANG_WARN_DIRECT_OBJC_ISA_USAGE = YES_ERROR;
				CLANG_WARN_DOCUMENTATION_COMMENTS = YES;
				CLANG_WARN_EMPTY_BODY = YES;
				CLANG_WARN_ENUM_CONVERSION = YES;
				CLANG_WARN_INFINITE_RECURSION = YES;
				CLANG_WARN_INT_CONVERSION = YES;
				CLANG_WARN_NON_LITERAL_NULL_CONVERSION = YES;
				CLANG_WARN_OBJC_IMPLICIT_RETAIN_SELF = YES;
				CLANG_WARN_OBJC_LITERAL_CONVERSION = YES;
				CLANG_WARN_OBJC_ROOT_CLASS = YES_ERROR;
				CLANG_WARN_QUOTED_INCLUDE_IN_FRAMEWORK_HEADER = YES;
				CLANG_WARN_RANGE_LOOP_ANALYSIS = YES;
				CLANG_WARN_STRICT_PROTOTYPES = YES;
				CLANG_WARN_SUSPICIOUS_MOVE = YES;
				CLANG_WARN_UNGUARDED_AVAILABILITY = YES_AGGRESSIVE;
				CLANG_WARN_UNREACHABLE_CODE = YES;
				CLANG_WARN__DUPLICATE_METHOD_MATCH = YES;
				COPY_PHASE_STRIP = NO;
				DEBUG_INFORMATION_FORMAT = dwarf;
				ENABLE_STRICT_OBJC_MSGSEND = YES;
				ENABLE_TESTABILITY = YES;
				GCC_C_LANGUAGE_STANDARD = gnu11;
				GCC_DYNAMIC_NO_PIC = NO;
				GCC_NO_COMMON_BLOCKS = YES;
				GCC_OPTIMIZATION_LEVEL = 0;
				GCC_PREPROCESSOR_DEFINITIONS = (
					"DEBUG=1",
					"$(inherited)",
				);
				GCC_WARN_64_TO_32_BIT_CONVERSION = YES;
				GCC_WARN_ABOUT_RETURN_TYPE = YES_ERROR;
				GCC_WARN_UNDECLARED_SELECTOR = YES;
				GCC_WARN_UNINITIALIZED_AUTOS = YES_AGGRESSIVE;
				GCC_WARN_UNUSED_FUNCTION = YES;
				GCC_WARN_UNUSED_VARIABLE = YES;
				IPHONEOS_DEPLOYMENT_TARGET = 14.5;
				MTL_ENABLE_DEBUG_INFO = INCLUDE_SOURCE;
				MTL_FAST_MATH = YES;
				ONLY_ACTIVE_ARCH = YES;
				SDKROOT = iphoneos;
				SWIFT_ACTIVE_COMPILATION_CONDITIONS = DEBUG;
				SWIFT_OPTIMIZATION_LEVEL = "-Onone";
			};
			name = Debug;
		};
		ACF290292671FE90002D2E05 /* Release */ = {
			isa = XCBuildConfiguration;
			buildSettings = {
				ALWAYS_SEARCH_USER_PATHS = NO;
				CLANG_ANALYZER_NONNULL = YES;
				CLANG_ANALYZER_NUMBER_OBJECT_CONVERSION = YES_AGGRESSIVE;
				CLANG_CXX_LANGUAGE_STANDARD = "gnu++14";
				CLANG_CXX_LIBRARY = "libc++";
				CLANG_ENABLE_MODULES = YES;
				CLANG_ENABLE_OBJC_ARC = YES;
				CLANG_ENABLE_OBJC_WEAK = YES;
				CLANG_WARN_BLOCK_CAPTURE_AUTORELEASING = YES;
				CLANG_WARN_BOOL_CONVERSION = YES;
				CLANG_WARN_COMMA = YES;
				CLANG_WARN_CONSTANT_CONVERSION = YES;
				CLANG_WARN_DEPRECATED_OBJC_IMPLEMENTATIONS = YES;
				CLANG_WARN_DIRECT_OBJC_ISA_USAGE = YES_ERROR;
				CLANG_WARN_DOCUMENTATION_COMMENTS = YES;
				CLANG_WARN_EMPTY_BODY = YES;
				CLANG_WARN_ENUM_CONVERSION = YES;
				CLANG_WARN_INFINITE_RECURSION = YES;
				CLANG_WARN_INT_CONVERSION = YES;
				CLANG_WARN_NON_LITERAL_NULL_CONVERSION = YES;
				CLANG_WARN_OBJC_IMPLICIT_RETAIN_SELF = YES;
				CLANG_WARN_OBJC_LITERAL_CONVERSION = YES;
				CLANG_WARN_OBJC_ROOT_CLASS = YES_ERROR;
				CLANG_WARN_QUOTED_INCLUDE_IN_FRAMEWORK_HEADER = YES;
				CLANG_WARN_RANGE_LOOP_ANALYSIS = YES;
				CLANG_WARN_STRICT_PROTOTYPES = YES;
				CLANG_WARN_SUSPICIOUS_MOVE = YES;
				CLANG_WARN_UNGUARDED_AVAILABILITY = YES_AGGRESSIVE;
				CLANG_WARN_UNREACHABLE_CODE = YES;
				CLANG_WARN__DUPLICATE_METHOD_MATCH = YES;
				COPY_PHASE_STRIP = NO;
				DEBUG_INFORMATION_FORMAT = "dwarf-with-dsym";
				ENABLE_NS_ASSERTIONS = NO;
				ENABLE_STRICT_OBJC_MSGSEND = YES;
				GCC_C_LANGUAGE_STANDARD = gnu11;
				GCC_NO_COMMON_BLOCKS = YES;
				GCC_WARN_64_TO_32_BIT_CONVERSION = YES;
				GCC_WARN_ABOUT_RETURN_TYPE = YES_ERROR;
				GCC_WARN_UNDECLARED_SELECTOR = YES;
				GCC_WARN_UNINITIALIZED_AUTOS = YES_AGGRESSIVE;
				GCC_WARN_UNUSED_FUNCTION = YES;
				GCC_WARN_UNUSED_VARIABLE = YES;
				IPHONEOS_DEPLOYMENT_TARGET = 14.5;
				MTL_ENABLE_DEBUG_INFO = NO;
				MTL_FAST_MATH = YES;
				SDKROOT = iphoneos;
				SWIFT_COMPILATION_MODE = wholemodule;
				SWIFT_OPTIMIZATION_LEVEL = "-O";
				VALIDATE_PRODUCT = YES;
			};
			name = Release;
		};
		ACF2902B2671FE90002D2E05 /* Debug */ = {
			isa = XCBuildConfiguration;
			buildSettings = {
				ASSETCATALOG_COMPILER_APPICON_NAME = AppIcon;
				ASSETCATALOG_COMPILER_GLOBAL_ACCENT_COLOR_NAME = AccentColor;
				CODE_SIGN_STYLE = Automatic;
				DEVELOPMENT_ASSET_PATHS = "\"Crypto/Preview Content\"";
				DEVELOPMENT_TEAM = R4XB56HC9M;
				ENABLE_PREVIEWS = YES;
				INFOPLIST_FILE = Crypto/Info.plist;
				IPHONEOS_DEPLOYMENT_TARGET = 14.0;
				LD_RUNPATH_SEARCH_PATHS = (
					"$(inherited)",
					"@executable_path/Frameworks",
				);
				PRODUCT_BUNDLE_IDENTIFIER = iMaxiOS.Crypto;
				PRODUCT_NAME = "$(TARGET_NAME)";
				SWIFT_VERSION = 5.0;
				TARGETED_DEVICE_FAMILY = "1,2";
			};
			name = Debug;
		};
		ACF2902C2671FE90002D2E05 /* Release */ = {
			isa = XCBuildConfiguration;
			buildSettings = {
				ASSETCATALOG_COMPILER_APPICON_NAME = AppIcon;
				ASSETCATALOG_COMPILER_GLOBAL_ACCENT_COLOR_NAME = AccentColor;
				CODE_SIGN_STYLE = Automatic;
				DEVELOPMENT_ASSET_PATHS = "\"Crypto/Preview Content\"";
				DEVELOPMENT_TEAM = R4XB56HC9M;
				ENABLE_PREVIEWS = YES;
				INFOPLIST_FILE = Crypto/Info.plist;
				IPHONEOS_DEPLOYMENT_TARGET = 14.0;
				LD_RUNPATH_SEARCH_PATHS = (
					"$(inherited)",
					"@executable_path/Frameworks",
				);
				PRODUCT_BUNDLE_IDENTIFIER = iMaxiOS.Crypto;
				PRODUCT_NAME = "$(TARGET_NAME)";
				SWIFT_VERSION = 5.0;
				TARGETED_DEVICE_FAMILY = "1,2";
			};
			name = Release;
		};
/* End XCBuildConfiguration section */

/* Begin XCConfigurationList section */
		ACF290162671FE8E002D2E05 /* Build configuration list for PBXProject "Crypto" */ = {
			isa = XCConfigurationList;
			buildConfigurations = (
				ACF290282671FE90002D2E05 /* Debug */,
				ACF290292671FE90002D2E05 /* Release */,
			);
			defaultConfigurationIsVisible = 0;
			defaultConfigurationName = Release;
		};
		ACF2902A2671FE90002D2E05 /* Build configuration list for PBXNativeTarget "Crypto" */ = {
			isa = XCConfigurationList;
			buildConfigurations = (
				ACF2902B2671FE90002D2E05 /* Debug */,
				ACF2902C2671FE90002D2E05 /* Release */,
			);
			defaultConfigurationIsVisible = 0;
			defaultConfigurationName = Release;
		};
/* End XCConfigurationList section */
	};
	rootObject = ACF290132671FE8E002D2E05 /* Project object */;
}
